lockfileVersion: '6.0'

settings:
  autoInstallPeers: true
  excludeLinksFromLockfile: false

catalogs: {}

importers:
  .:
    devDependencies:
      '@changesets/cli':
        specifier: ^2.26.2
        version: 2.26.2
      '@typescript-eslint/eslint-plugin':
        specifier: ^6.0.0
        version: 6.21.0
      '@typescript-eslint/parser':
        specifier: ^6.0.0
        version: 6.21.0
      eslint:
        specifier: ^8.45.0
        version: 8.57.0
      eslint-config-prettier:
        specifier: ^9.0.0
        version: 9.1.0
      prettier:
        specifier: ^3.0.0
        version: 3.3.3
      typescript:
        specifier: ^5.0.2
        version: 5.6.3

packages: {}